
Microsoft Visual Studio Solution File, Format Version 12.00
# Visual Studio 2012
Project("{FAE04EC0-301F-11D3-BF4B-00C04F79EFBC}") = "BestPracticesWebinar_Exercise_1", "BestPracticesWebinar_Exercise_1\BestPracticesWebinar_Exercise_1.csproj", "{265012DC-7DCD-4F3F-87AA-0DA18234C7F6}"
EndProject
Project("{FAE04EC0-301F-11D3-BF4B-00C04F79EFBC}") = "BestPracticesWebinar_Exercise_1.iOS", "iOS\BestPracticesWebinar_Exercise_1.iOS.csproj", "{26D889E4-50BA-49BB-A4D6-EB4C90EFAD2B}"
EndProject
Project("{FAE04EC0-301F-11D3-BF4B-00C04F79EFBC}") = "BestPracticesWebinar_Exercise_1.Droid", "Droid\BestPracticesWebinar_Exercise_1.Droid.csproj", "{F667050A-17B0-439D-AC12-7675F973ACB2}"
EndProject
Global
	GlobalSection(SolutionConfigurationPlatforms) = preSolution
		Debug|Any CPU = Debug|Any CPU
		Release|Any CPU = Release|Any CPU
		Debug|iPhoneSimulator = Debug|iPhoneSimulator
		Release|iPhoneSimulator = Release|iPhoneSimulator
		Debug|iPhone = Debug|iPhone
		Release|iPhone = Release|iPhone
		Ad-Hoc|iPhone = Ad-Hoc|iPhone
		AppStore|iPhone = AppStore|iPhone
	EndGlobalSection
	GlobalSection(ProjectConfigurationPlatforms) = postSolution
		{265012DC-7DCD-4F3F-87AA-0DA18234C7F6}.Ad-Hoc|iPhone.ActiveCfg = Debug|Any CPU
		{265012DC-7DCD-4F3F-87AA-0DA18234C7F6}.Ad-Hoc|iPhone.Build.0 = Debug|Any CPU
		{265012DC-7DCD-4F3F-87AA-0DA18234C7F6}.AppStore|iPhone.ActiveCfg = Debug|Any CPU
		{265012DC-7DCD-4F3F-87AA-0DA18234C7F6}.AppStore|iPhone.Build.0 = Debug|Any CPU
		{265012DC-7DCD-4F3F-87AA-0DA18234C7F6}.Debug|Any CPU.ActiveCfg = Debug|Any CPU
		{265012DC-7DCD-4F3F-87AA-0DA18234C7F6}.Debug|Any CPU.Build.0 = Debug|Any CPU
		{265012DC-7DCD-4F3F-87AA-0DA18234C7F6}.Debug|iPhone.ActiveCfg = Debug|Any CPU
		{265012DC-7DCD-4F3F-87AA-0DA18234C7F6}.Debug|iPhone.Build.0 = Debug|Any CPU
		{265012DC-7DCD-4F3F-87AA-0DA18234C7F6}.Debug|iPhoneSimulator.ActiveCfg = Debug|Any CPU
		{265012DC-7DCD-4F3F-87AA-0DA18234C7F6}.Debug|iPhoneSimulator.Build.0 = Debug|Any CPU
		{265012DC-7DCD-4F3F-87AA-0DA18234C7F6}.Release|Any CPU.ActiveCfg = Release|Any CPU
		{265012DC-7DCD-4F3F-87AA-0DA18234C7F6}.Release|Any CPU.Build.0 = Release|Any CPU
		{265012DC-7DCD-4F3F-87AA-0DA18234C7F6}.Release|iPhone.ActiveCfg = Release|Any CPU
		{265012DC-7DCD-4F3F-87AA-0DA18234C7F6}.Release|iPhone.Build.0 = Release|Any CPU
		{265012DC-7DCD-4F3F-87AA-0DA18234C7F6}.Release|iPhoneSimulator.ActiveCfg = Release|Any CPU
		{265012DC-7DCD-4F3F-87AA-0DA18234C7F6}.Release|iPhoneSimulator.Build.0 = Release|Any CPU
		{26D889E4-50BA-49BB-A4D6-EB4C90EFAD2B}.Ad-Hoc|iPhone.ActiveCfg = Ad-Hoc|iPhone
		{26D889E4-50BA-49BB-A4D6-EB4C90EFAD2B}.Ad-Hoc|iPhone.Build.0 = Ad-Hoc|iPhone
		{26D889E4-50BA-49BB-A4D6-EB4C90EFAD2B}.AppStore|iPhone.ActiveCfg = AppStore|iPhone
		{26D889E4-50BA-49BB-A4D6-EB4C90EFAD2B}.AppStore|iPhone.Build.0 = AppStore|iPhone
		{26D889E4-50BA-49BB-A4D6-EB4C90EFAD2B}.Debug|Any CPU.ActiveCfg = Debug|iPhoneSimulator
		{26D889E4-50BA-49BB-A4D6-EB4C90EFAD2B}.Debug|Any CPU.Build.0 = Debug|iPhoneSimulator
		{26D889E4-50BA-49BB-A4D6-EB4C90EFAD2B}.Debug|iPhone.ActiveCfg = Debug|iPhone
		{26D889E4-50BA-49BB-A4D6-EB4C90EFAD2B}.Debug|iPhone.Build.0 = Debug|iPhone
		{26D889E4-50BA-49BB-A4D6-EB4C90EFAD2B}.Debug|iPhoneSimulator.ActiveCfg = Debug|iPhoneSimulator
		{26D889E4-50BA-49BB-A4D6-EB4C90EFAD2B}.Debug|iPhoneSimulator.Build.0 = Debug|iPhoneSimulator
		{26D889E4-50BA-49BB-A4D6-EB4C90EFAD2B}.Release|Any CPU.ActiveCfg = Release|iPhoneSimulator
		{26D889E4-50BA-49BB-A4D6-EB4C90EFAD2B}.Release|Any CPU.Build.0 = Release|iPhoneSimulator
		{26D889E4-50BA-49BB-A4D6-EB4C90EFAD2B}.Release|iPhone.ActiveCfg = Release|iPhone
		{26D889E4-50BA-49BB-A4D6-EB4C90EFAD2B}.Release|iPhone.Build.0 = Release|iPhone
		{26D889E4-50BA-49BB-A4D6-EB4C90EFAD2B}.Release|iPhoneSimulator.ActiveCfg = Release|iPhoneSimulator
		{26D889E4-50BA-49BB-A4D6-EB4C90EFAD2B}.Release|iPhoneSimulator.Build.0 = Release|iPhoneSimulator
		{F667050A-17B0-439D-AC12-7675F973ACB2}.Ad-Hoc|iPhone.ActiveCfg = Release|Any CPU
		{F667050A-17B0-439D-AC12-7675F973ACB2}.Ad-Hoc|iPhone.Build.0 = Release|Any CPU
		{F667050A-17B0-439D-AC12-7675F973ACB2}.AppStore|iPhone.ActiveCfg = Release|Any CPU
		{F667050A-17B0-439D-AC12-7675F973ACB2}.AppStore|iPhone.Build.0 = Release|Any CPU
		{F667050A-17B0-439D-AC12-7675F973ACB2}.Debug|Any CPU.ActiveCfg = Debug|Any CPU
		{F667050A-17B0-439D-AC12-7675F973ACB2}.Debug|Any CPU.Build.0 = Debug|Any CPU
		{F667050A-17B0-439D-AC12-7675F973ACB2}.Debug|iPhone.ActiveCfg = Debug|Any CPU
		{F667050A-17B0-439D-AC12-7675F973ACB2}.Debug|iPhone.Build.0 = Debug|Any CPU
		{F667050A-17B0-439D-AC12-7675F973ACB2}.Debug|iPhoneSimulator.ActiveCfg = Debug|Any CPU
		{F667050A-17B0-439D-AC12-7675F973ACB2}.Debug|iPhoneSimulator.Build.0 = Debug|Any CPU
		{F667050A-17B0-439D-AC12-7675F973ACB2}.Release|Any CPU.ActiveCfg = Release|Any CPU
		{F667050A-17B0-439D-AC12-7675F973ACB2}.Release|Any CPU.Build.0 = Release|Any CPU
		{F667050A-17B0-439D-AC12-7675F973ACB2}.Release|iPhone.ActiveCfg = Release|Any CPU
		{F667050A-17B0-439D-AC12-7675F973ACB2}.Release|iPhone.Build.0 = Release|Any CPU
		{F667050A-17B0-439D-AC12-7675F973ACB2}.Release|iPhoneSimulator.ActiveCfg = Release|Any CPU
		{F667050A-17B0-439D-AC12-7675F973ACB2}.Release|iPhoneSimulator.Build.0 = Release|Any CPU
	EndGlobalSection
EndGlobal
